{
  "name": "iobroker.carcharging",
  "version": "0.1.0-alpha.3",
  "lockfileVersion": 3,
  "requires": true,
  "packages": {
    "": {
      "name": "iobroker.carcharging",
      "version": "0.1.0-alpha.3",
      "license": "MIT",
      "dependencies": {
        "@iobroker/adapter-core": "^3.2.3",
        "axios": "^1.7.2"
      },
      "devDependencies": {
        "typescript": "^5.8.3"
      }
    }
  }
}
