{
  "name": "iobroker.carcharging",
  "version": "0.1.0-alpha.7",
  "lockfileVersion": 3,
  "requires": true,
  "packages": {
    "": {
      "name": "iobroker.carcharging",
      "version": "0.1.0-alpha.7",
      "dependencies": {
        "@iobroker/adapter-core": "^3.2.3",
        "axios": "^1.7.7"
      },
      "devDependencies": {
        "typescript": "^5.6.3"
      }
    }
  }
}